// !$*UTF8*$!
{
	archiveVersion = 1;
	classes = {
	};
	objectVersion = 55;
	objects = {

/* Begin PBXBuildFile section */
		B67FDFEF2877CB9C0066F351 /* AppDelegate.swift in Sources */ = {isa = PBXBuildFile; fileRef = B67FDFEE2877CB9C0066F351 /* AppDelegate.swift */; };
		B67FDFF12877CB9C0066F351 /* SceneDelegate.swift in Sources */ = {isa = PBXBuildFile; fileRef = B67FDFF02877CB9C0066F351 /* SceneDelegate.swift */; };
		B67FDFF32877CB9C0066F351 /* ViewController.swift in Sources */ = {isa = PBXBuildFile; fileRef = B67FDFF22877CB9C0066F351 /* ViewController.swift */; };
		B67FDFF62877CB9C0066F351 /* Main.storyboard in Resources */ = {isa = PBXBuildFile; fileRef = B67FDFF42877CB9C0066F351 /* Main.storyboard */; };
		B67FDFF82877CBA20066F351 /* Assets.xcassets in Resources */ = {isa = PBXBuildFile; fileRef = B67FDFF72877CBA20066F351 /* Assets.xcassets */; };
		B67FDFFB2877CBA20066F351 /* LaunchScreen.storyboard in Resources */ = {isa = PBXBuildFile; fileRef = B67FDFF92877CBA20066F351 /* LaunchScreen.storyboard */; };
		B67FE0062877CBA30066F351 /* Calculator_2_0Tests.swift in Sources */ = {isa = PBXBuildFile; fileRef = B67FE0052877CBA30066F351 /* Calculator_2_0Tests.swift */; };
		B67FE0102877CBA30066F351 /* Calculator_2_0UITests.swift in Sources */ = {isa = PBXBuildFile; fileRef = B67FE00F2877CBA30066F351 /* Calculator_2_0UITests.swift */; };
		B67FE0122877CBA30066F351 /* Calculator_2_0UITestsLaunchTests.swift in Sources */ = {isa = PBXBuildFile; fileRef = B67FE0112877CBA30066F351 /* Calculator_2_0UITestsLaunchTests.swift */; };
/* End PBXBuildFile section */

/* Begin PBXContainerItemProxy section */
		B67FE0022877CBA30066F351 /* PBXContainerItemProxy */ = {
			isa = PBXContainerItemProxy;
			containerPortal = B67FDFE32877CB9C0066F351 /* Project object */;
			proxyType = 1;
			remoteGlobalIDString = B67FDFEA2877CB9C0066F351;
			remoteInfo = "Calculator 2.0";
		};
		B67FE00C2877CBA30066F351 /* PBXContainerItemProxy */ = {
			isa = PBXContainerItemProxy;
			containerPortal = B67FDFE32877CB9C0066F351 /* Project object */;
			proxyType = 1;
			remoteGlobalIDString = B67FDFEA2877CB9C0066F351;
			remoteInfo = "Calculator 2.0";
		};
/* End PBXContainerItemProxy section */

/* Begin PBXFileReference section */
		B67FDFEB2877CB9C0066F351 /* Calculator 2.0.app */ = {isa = PBXFileReference; explicitFileType = wrapper.application; includeInIndex = 0; path = "Calculator 2.0.app"; sourceTree = BUILT_PRODUCTS_DIR; };
		B67FDFEE2877CB9C0066F351 /* AppDelegate.swift */ = {isa = PBXFileReference; lastKnownFileType = sourcecode.swift; path = AppDelegate.swift; sourceTree = "<group>"; };
		B67FDFF02877CB9C0066F351 /* SceneDelegate.swift */ = {isa = PBXFileReference; lastKnownFileType = sourcecode.swift; path = SceneDelegate.swift; sourceTree = "<group>"; };
		B67FDFF22877CB9C0066F351 /* ViewController.swift */ = {isa = PBXFileReference; lastKnownFileType = sourcecode.swift; path = ViewController.swift; sourceTree = "<group>"; };
		B67FDFF52877CB9C0066F351 /* Base */ = {isa = PBXFileReference; lastKnownFileType = file.storyboard; name = Base; path = Base.lproj/Main.storyboard; sourceTree = "<group>"; };
		B67FDFF72877CBA20066F351 /* Assets.xcassets */ = {isa = PBXFileReference; lastKnownFileType = folder.assetcatalog; path = Assets.xcassets; sourceTree = "<group>"; };
		B67FDFFA2877CBA20066F351 /* Base */ = {isa = PBXFileReference; lastKnownFileType = file.storyboard; name = Base; path = Base.lproj/LaunchScreen.storyboard; sourceTree = "<group>"; };
		B67FDFFC2877CBA20066F351 /* Info.plist */ = {isa = PBXFileReference; lastKnownFileType = text.plist.xml; path = Info.plist; sourceTree = "<group>"; };
		B67FE0012877CBA30066F351 /* Calculator 2.0Tests.xctest */ = {isa = PBXFileReference; explicitFileType = wrapper.cfbundle; includeInIndex = 0; path = "Calculator 2.0Tests.xctest"; sourceTree = BUILT_PRODUCTS_DIR; };
		B67FE0052877CBA30066F351 /* Calculator_2_0Tests.swift */ = {isa = PBXFileReference; lastKnownFileType = sourcecode.swift; path = Calculator_2_0Tests.swift; sourceTree = "<group>"; };
		B67FE00B2877CBA30066F351 /* Calculator 2.0UITests.xctest */ = {isa = PBXFileReference; explicitFileType = wrapper.cfbundle; includeInIndex = 0; path = "Calculator 2.0UITests.xctest"; sourceTree = BUILT_PRODUCTS_DIR; };
		B67FE00F2877CBA30066F351 /* Calculator_2_0UITests.swift */ = {isa = PBXFileReference; lastKnownFileType = sourcecode.swift; path = Calculator_2_0UITests.swift; sourceTree = "<group>"; };
		B67FE0112877CBA30066F351 /* Calculator_2_0UITestsLaunchTests.swift */ = {isa = PBXFileReference; lastKnownFileType = sourcecode.swift; path = Calculator_2_0UITestsLaunchTests.swift; sourceTree = "<group>"; };
/* End PBXFileReference section */

/* Begin PBXFrameworksBuildPhase section */
		B67FDFE82877CB9C0066F351 /* Frameworks */ = {
			isa = PBXFrameworksBuildPhase;
			buildActionMask = 2147483647;
			files = (
			);
			runOnlyForDeploymentPostprocessing = 0;
		};
		B67FDFFE2877CBA30066F351 /* Frameworks */ = {
			isa = PBXFrameworksBuildPhase;
			buildActionMask = 2147483647;
			files = (
			);
			runOnlyForDeploymentPostprocessing = 0;
		};
		B67FE0082877CBA30066F351 /* Frameworks */ = {
			isa = PBXFrameworksBuildPhase;
			buildActionMask = 2147483647;
			files = (
			);
			runOnlyForDeploymentPostprocessing = 0;
		};
/* End PBXFrameworksBuildPhase section */

/* Begin PBXGroup section */
		B67FDFE22877CB9C0066F351 = {
			isa = PBXGroup;
			children = (
				B67FDFED2877CB9C0066F351 /* Calculator 2.0 */,
				B67FE0042877CBA30066F351 /* Calculator 2.0Tests */,
				B67FE00E2877CBA30066F351 /* Calculator 2.0UITests */,
				B67FDFEC2877CB9C0066F351 /* Products */,
			);
			sourceTree = "<group>";
		};
		B67FDFEC2877CB9C0066F351 /* Products */ = {
			isa = PBXGroup;
			children = (
				B67FDFEB2877CB9C0066F351 /* Calculator 2.0.app */,
				B67FE0012877CBA30066F351 /* Calculator 2.0Tests.xctest */,
				B67FE00B2877CBA30066F351 /* Calculator 2.0UITests.xctest */,
			);
			name = Products;
			sourceTree = "<group>";
		};
		B67FDFED2877CB9C0066F351 /* Calculator 2.0 */ = {
			isa = PBXGroup;
			children = (
				B67FDFEE2877CB9C0066F351 /* AppDelegate.swift */,
				B67FDFF02877CB9C0066F351 /* SceneDelegate.swift */,
				B67FDFF22877CB9C0066F351 /* ViewController.swift */,
				B67FDFF42877CB9C0066F351 /* Main.storyboard */,
				B67FDFF72877CBA20066F351 /* Assets.xcassets */,
				B67FDFF92877CBA20066F351 /* LaunchScreen.storyboard */,
				B67FDFFC2877CBA20066F351 /* Info.plist */,
			);
			path = "Calculator 2.0";
			sourceTree = "<group>";
		};
		B67FE0042877CBA30066F351 /* Calculator 2.0Tests */ = {
			isa = PBXGroup;
			children = (
				B67FE0052877CBA30066F351 /* Calculator_2_0Tests.swift */,
			);
			path = "Calculator 2.0Tests";
			sourceTree = "<group>";
		};
		B67FE00E2877CBA30066F351 /* Calculator 2.0UITests */ = {
			isa = PBXGroup;
			children = (
				B67FE00F2877CBA30066F351 /* Calculator_2_0UITests.swift */,
				B67FE0112877CBA30066F351 /* Calculator_2_0UITestsLaunchTests.swift */,
			);
			path = "Calculator 2.0UITests";
			sourceTree = "<group>";
		};
/* End PBXGroup section */

/* Begin PBXNativeTarget section */
		B67FDFEA2877CB9C0066F351 /* Calculator 2.0 */ = {
			isa = PBXNativeTarget;
			buildConfigurationList = B67FE0152877CBA30066F351 /* Build configuration list for PBXNativeTarget "Calculator 2.0" */;
			buildPhases = (
				B67FDFE72877CB9C0066F351 /* Sources */,
				B67FDFE82877CB9C0066F351 /* Frameworks */,
				B67FDFE92877CB9C0066F351 /* Resources */,
			);
			buildRules = (
			);
			dependencies = (
			);
			name = "Calculator 2.0";
			productName = "Calculator 2.0";
			productReference = B67FDFEB2877CB9C0066F351 /* Calculator 2.0.app */;
			productType = "com.apple.product-type.application";
		};
		B67FE0002877CBA30066F351 /* Calculator 2.0Tests */ = {
			isa = PBXNativeTarget;
			buildConfigurationList = B67FE0182877CBA30066F351 /* Build configuration list for PBXNativeTarget "Calculator 2.0Tests" */;
			buildPhases = (
				B67FDFFD2877CBA30066F351 /* Sources */,
				B67FDFFE2877CBA30066F351 /* Frameworks */,
				B67FDFFF2877CBA30066F351 /* Resources */,
			);
			buildRules = (
			);
			dependencies = (
				B67FE0032877CBA30066F351 /* PBXTargetDependency */,
			);
			name = "Calculator 2.0Tests";
			productName = "Calculator 2.0Tests";
			productReference = B67FE0012877CBA30066F351 /* Calculator 2.0Tests.xctest */;
			productType = "com.apple.product-type.bundle.unit-test";
		};
		B67FE00A2877CBA30066F351 /* Calculator 2.0UITests */ = {
			isa = PBXNativeTarget;
			buildConfigurationList = B67FE01B2877CBA30066F351 /* Build configuration list for PBXNativeTarget "Calculator 2.0UITests" */;
			buildPhases = (
				B67FE0072877CBA30066F351 /* Sources */,
				B67FE0082877CBA30066F351 /* Frameworks */,
				B67FE0092877CBA30066F351 /* Resources */,
			);
			buildRules = (
			);
			dependencies = (
				B67FE00D2877CBA30066F351 /* PBXTargetDependency */,
			);
			name = "Calculator 2.0UITests";
			productName = "Calculator 2.0UITests";
			productReference = B67FE00B2877CBA30066F351 /* Calculator 2.0UITests.xctest */;
			productType = "com.apple.product-type.bundle.ui-testing";
		};
/* End PBXNativeTarget section */

/* Begin PBXProject section */
		B67FDFE32877CB9C0066F351 /* Project object */ = {
			isa = PBXProject;
			attributes = {
				BuildIndependentTargetsInParallel = 1;
				LastSwiftUpdateCheck = 1320;
				LastUpgradeCheck = 1320;
				TargetAttributes = {
					B67FDFEA2877CB9C0066F351 = {
						CreatedOnToolsVersion = 13.2.1;
					};
					B67FE0002877CBA30066F351 = {
						CreatedOnToolsVersion = 13.2.1;
						TestTargetID = B67FDFEA2877CB9C0066F351;
					};
					B67FE00A2877CBA30066F351 = {
						CreatedOnToolsVersion = 13.2.1;
						TestTargetID = B67FDFEA2877CB9C0066F351;
					};
				};
			};
			buildConfigurationList = B67FDFE62877CB9C0066F351 /* Build configuration list for PBXProject "Calculator 2.0" */;
			compatibilityVersion = "Xcode 13.0";
			developmentRegion = en;
			hasScannedForEncodings = 0;
			knownRegions = (
				en,
				Base,
			);
			mainGroup = B67FDFE22877CB9C0066F351;
			productRefGroup = B67FDFEC2877CB9C0066F351 /* Products */;
			projectDirPath = "";
			projectRoot = "";
			targets = (
				B67FDFEA2877CB9C0066F351 /* Calculator 2.0 */,
				B67FE0002877CBA30066F351 /* Calculator 2.0Tests */,
				B67FE00A2877CBA30066F351 /* Calculator 2.0UITests */,
			);
		};
/* End PBXProject section */

/* Begin PBXResourcesBuildPhase section */
		B67FDFE92877CB9C0066F351 /* Resources */ = {
			isa = PBXResourcesBuildPhase;
			buildActionMask = 2147483647;
			files = (
				B67FDFFB2877CBA20066F351 /* LaunchScreen.storyboard in Resources */,
				B67FDFF82877CBA20066F351 /* Assets.xcassets in Resources */,
				B67FDFF62877CB9C0066F351 /* Main.storyboard in Resources */,
			);
			runOnlyForDeploymentPostprocessing = 0;
		};
		B67FDFFF2877CBA30066F351 /* Resources */ = {
			isa = PBXResourcesBuildPhase;
			buildActionMask = 2147483647;
			files = (
			);
			runOnlyForDeploymentPostprocessing = 0;
		};
		B67FE0092877CBA30066F351 /* Resources */ = {
			isa = PBXResourcesBuildPhase;
			buildActionMask = 2147483647;
			files = (
			);
			runOnlyForDeploymentPostprocessing = 0;
		};
/* End PBXResourcesBuildPhase section */

/* Begin PBXSourcesBuildPhase section */
		B67FDFE72877CB9C0066F351 /* Sources */ = {
			isa = PBXSourcesBuildPhase;
			buildActionMask = 2147483647;
			files = (
				B67FDFF32877CB9C0066F351 /* ViewController.swift in Sources */,
				B67FDFEF2877CB9C0066F351 /* AppDelegate.swift in Sources */,
				B67FDFF12877CB9C0066F351 /* SceneDelegate.swift in Sources */,
			);
			runOnlyForDeploymentPostprocessing = 0;
		};
		B67FDFFD2877CBA30066F351 /* Sources */ = {
			isa = PBXSourcesBuildPhase;
			buildActionMask = 2147483647;
			files = (
				B67FE0062877CBA30066F351 /* Calculator_2_0Tests.swift in Sources */,
			);
			runOnlyForDeploymentPostprocessing = 0;
		};
		B67FE0072877CBA30066F351 /* Sources */ = {
			isa = PBXSourcesBuildPhase;
			buildActionMask = 2147483647;
			files = (
				B67FE0122877CBA30066F351 /* Calculator_2_0UITestsLaunchTests.swift in Sources */,
				B67FE0102877CBA30066F351 /* Calculator_2_0UITests.swift in Sources */,
			);
			runOnlyForDeploymentPostprocessing = 0;
		};
/* End PBXSourcesBuildPhase section */

/* Begin PBXTargetDependency section */
		B67FE0032877CBA30066F351 /* PBXTargetDependency */ = {
			isa = PBXTargetDependency;
			target = B67FDFEA2877CB9C0066F351 /* Calculator 2.0 */;
			targetProxy = B67FE0022877CBA30066F351 /* PBXContainerItemProxy */;
		};
		B67FE00D2877CBA30066F351 /* PBXTargetDependency */ = {
			isa = PBXTargetDependency;
			target = B67FDFEA2877CB9C0066F351 /* Calculator 2.0 */;
			targetProxy = B67FE00C2877CBA30066F351 /* PBXContainerItemProxy */;
		};
/* End PBXTargetDependency section */

/* Begin PBXVariantGroup section */
		B67FDFF42877CB9C0066F351 /* Main.storyboard */ = {
			isa = PBXVariantGroup;
			children = (
				B67FDFF52877CB9C0066F351 /* Base */,
			);
			name = Main.storyboard;
			sourceTree = "<group>";
		};
		B67FDFF92877CBA20066F351 /* LaunchScreen.storyboard */ = {
			isa = PBXVariantGroup;
			children = (
				B67FDFFA2877CBA20066F351 /* Base */,
			);
			name = LaunchScreen.storyboard;
			sourceTree = "<group>";
		};
/* End PBXVariantGroup section */

/* Begin XCBuildConfiguration section */
		B67FE0132877CBA30066F351 /* Debug */ = {
			isa = XCBuildConfiguration;
			buildSettings = {
				ALWAYS_SEARCH_USER_PATHS = NO;
				CLANG_ANALYZER_NONNULL = YES;
				CLANG_ANALYZER_NUMBER_OBJECT_CONVERSION = YES_AGGRESSIVE;
				CLANG_CXX_LANGUAGE_STANDARD = "gnu++17";
				CLANG_CXX_LIBRARY = "libc++";
				CLANG_ENABLE_MODULES = YES;
				CLANG_ENABLE_OBJC_ARC = YES;
				CLANG_ENABLE_OBJC_WEAK = YES;
				CLANG_WARN_BLOCK_CAPTURE_AUTORELEASING = YES;
				CLANG_WARN_BOOL_CONVERSION = YES;
				CLANG_WARN_COMMA = YES;
				CLANG_WARN_CONSTANT_CONVERSION = YES;
				CLANG_WARN_DEPRECATED_OBJC_IMPLEMENTATIONS = YES;
				CLANG_WARN_DIRECT_OBJC_ISA_USAGE = YES_ERROR;
				CLANG_WARN_DOCUMENTATION_COMMENTS = YES;
				CLANG_WARN_EMPTY_BODY = YES;
				CLANG_WARN_ENUM_CONVERSION = YES;
				CLANG_WARN_INFINITE_RECURSION = YES;
				CLANG_WARN_INT_CONVERSION = YES;
				CLANG_WARN_NON_LITERAL_NULL_CONVERSION = YES;
				CLANG_WARN_OBJC_IMPLICIT_RETAIN_SELF = YES;
				CLANG_WARN_OBJC_LITERAL_CONVERSION = YES;
				CLANG_WARN_OBJC_ROOT_CLASS = YES_ERROR;
				CLANG_WARN_QUOTED_INCLUDE_IN_FRAMEWORK_HEADER = YES;
				CLANG_WARN_RANGE_LOOP_ANALYSIS = YES;
				CLANG_WARN_STRICT_PROTOTYPES = YES;
				CLANG_WARN_SUSPICIOUS_MOVE = YES;
				CLANG_WARN_UNGUARDED_AVAILABILITY = YES_AGGRESSIVE;
				CLANG_WARN_UNREACHABLE_CODE = YES;
				CLANG_WARN__DUPLICATE_METHOD_MATCH = YES;
				COPY_PHASE_STRIP = NO;
				DEBUG_INFORMATION_FORMAT = dwarf;
				ENABLE_STRICT_OBJC_MSGSEND = YES;
				ENABLE_TESTABILITY = YES;
				GCC_C_LANGUAGE_STANDARD = gnu11;
				GCC_DYNAMIC_NO_PIC = NO;
				GCC_NO_COMMON_BLOCKS = YES;
				GCC_OPTIMIZATION_LEVEL = 0;
				GCC_PREPROCESSOR_DEFINITIONS = (
					"DEBUG=1",
					"$(inherited)",
				);
				GCC_WARN_64_TO_32_BIT_CONVERSION = YES;
				GCC_WARN_ABOUT_RETURN_TYPE = YES_ERROR;
				GCC_WARN_UNDECLARED_SELECTOR = YES;
				GCC_WARN_UNINITIALIZED_AUTOS = YES_AGGRESSIVE;
				GCC_WARN_UNUSED_FUNCTION = YES;
				GCC_WARN_UNUSED_VARIABLE = YES;
				IPHONEOS_DEPLOYMENT_TARGET = 15.2;
				MTL_ENABLE_DEBUG_INFO = INCLUDE_SOURCE;
				MTL_FAST_MATH = YES;
				ONLY_ACTIVE_ARCH = YES;
				SDKROOT = iphoneos;
				SWIFT_ACTIVE_COMPILATION_CONDITIONS = DEBUG;
				SWIFT_OPTIMIZATION_LEVEL = "-Onone";
			};
			name = Debug;
		};
		B67FE0142877CBA30066F351 /* Release */ = {
			isa = XCBuildConfiguration;
			buildSettings = {
				ALWAYS_SEARCH_USER_PATHS = NO;
				CLANG_ANALYZER_NONNULL = YES;
				CLANG_ANALYZER_NUMBER_OBJECT_CONVERSION = YES_AGGRESSIVE;
				CLANG_CXX_LANGUAGE_STANDARD = "gnu++17";
				CLANG_CXX_LIBRARY = "libc++";
				CLANG_ENABLE_MODULES = YES;
				CLANG_ENABLE_OBJC_ARC = YES;
				CLANG_ENABLE_OBJC_WEAK = YES;
				CLANG_WARN_BLOCK_CAPTURE_AUTORELEASING = YES;
				CLANG_WARN_BOOL_CONVERSION = YES;
				CLANG_WARN_COMMA = YES;
				CLANG_WARN_CONSTANT_CONVERSION = YES;
				CLANG_WARN_DEPRECATED_OBJC_IMPLEMENTATIONS = YES;
				CLANG_WARN_DIRECT_OBJC_ISA_USAGE = YES_ERROR;
				CLANG_WARN_DOCUMENTATION_COMMENTS = YES;
				CLANG_WARN_EMPTY_BODY = YES;
				CLANG_WARN_ENUM_CONVERSION = YES;
				CLANG_WARN_INFINITE_RECURSION = YES;
				CLANG_WARN_INT_CONVERSION = YES;
				CLANG_WARN_NON_LITERAL_NULL_CONVERSION = YES;
				CLANG_WARN_OBJC_IMPLICIT_RETAIN_SELF = YES;
				CLANG_WARN_OBJC_LITERAL_CONVERSION = YES;
				CLANG_WARN_OBJC_ROOT_CLASS = YES_ERROR;
				CLANG_WARN_QUOTED_INCLUDE_IN_FRAMEWORK_HEADER = YES;
				CLANG_WARN_RANGE_LOOP_ANALYSIS = YES;
				CLANG_WARN_STRICT_PROTOTYPES = YES;
				CLANG_WARN_SUSPICIOUS_MOVE = YES;
				CLANG_WARN_UNGUARDED_AVAILABILITY = YES_AGGRESSIVE;
				CLANG_WARN_UNREACHABLE_CODE = YES;
				CLANG_WARN__DUPLICATE_METHOD_MATCH = YES;
				COPY_PHASE_STRIP = NO;
				DEBUG_INFORMATION_FORMAT = "dwarf-with-dsym";
				ENABLE_NS_ASSERTIONS = NO;
				ENABLE_STRICT_OBJC_MSGSEND = YES;
				GCC_C_LANGUAGE_STANDARD = gnu11;
				GCC_NO_COMMON_BLOCKS = YES;
				GCC_WARN_64_TO_32_BIT_CONVERSION = YES;
				GCC_WARN_ABOUT_RETURN_TYPE = YES_ERROR;
				GCC_WARN_UNDECLARED_SELECTOR = YES;
				GCC_WARN_UNINITIALIZED_AUTOS = YES_AGGRESSIVE;
				GCC_WARN_UNUSED_FUNCTION = YES;
				GCC_WARN_UNUSED_VARIABLE = YES;
				IPHONEOS_DEPLOYMENT_TARGET = 15.2;
				MTL_ENABLE_DEBUG_INFO = NO;
				MTL_FAST_MATH = YES;
				SDKROOT = iphoneos;
				SWIFT_COMPILATION_MODE = wholemodule;
				SWIFT_OPTIMIZATION_LEVEL = "-O";
				VALIDATE_PRODUCT = YES;
			};
			name = Release;
		};
		B67FE0162877CBA30066F351 /* Debug */ = {
			isa = XCBuildConfiguration;
			buildSettings = {
				ASSETCATALOG_COMPILER_APPICON_NAME = AppIcon;
				ASSETCATALOG_COMPILER_GLOBAL_ACCENT_COLOR_NAME = AccentColor;
				CODE_SIGN_STYLE = Manual;
				CURRENT_PROJECT_VERSION = 1;
				DEVELOPMENT_TEAM = "";
				GENERATE_INFOPLIST_FILE = YES;
				INFOPLIST_FILE = "Calculator 2.0/Info.plist";
				INFOPLIST_KEY_UIApplicationSupportsIndirectInputEvents = YES;
				INFOPLIST_KEY_UILaunchStoryboardName = LaunchScreen;
				INFOPLIST_KEY_UIMainStoryboardFile = Main;
				INFOPLIST_KEY_UISupportedInterfaceOrientations_iPad = "UIInterfaceOrientationPortrait UIInterfaceOrientationPortraitUpsideDown UIInterfaceOrientationLandscapeLeft UIInterfaceOrientationLandscapeRight";
				INFOPLIST_KEY_UISupportedInterfaceOrientations_iPhone = "UIInterfaceOrientationPortrait UIInterfaceOrientationLandscapeLeft UIInterfaceOrientationLandscapeRight";
				LD_RUNPATH_SEARCH_PATHS = (
					"$(inherited)",
					"@executable_path/Frameworks",
				);
				MARKETING_VERSION = 2.0;
				PRODUCT_BUNDLE_IDENTIFIER = "Minh.Calculator-2-0";
				PRODUCT_NAME = "$(TARGET_NAME)";
				PROVISIONING_PROFILE_SPECIFIER = "";
				SWIFT_EMIT_LOC_STRINGS = YES;
				SWIFT_VERSION = 5.0;
				TARGETED_DEVICE_FAMILY = 1;
			};
			name = Debug;
		};
		B67FE0172877CBA30066F351 /* Release */ = {
			isa = XCBuildConfiguration;
			buildSettings = {
				ASSETCATALOG_COMPILER_APPICON_NAME = AppIcon;
				ASSETCATALOG_COMPILER_GLOBAL_ACCENT_COLOR_NAME = AccentColor;
				CODE_SIGN_STYLE = Manual;
				CURRENT_PROJECT_VERSION = 1;
				DEVELOPMENT_TEAM = "";
				GENERATE_INFOPLIST_FILE = YES;
				INFOPLIST_FILE = "Calculator 2.0/Info.plist";
				INFOPLIST_KEY_UIApplicationSupportsIndirectInputEvents = YES;
				INFOPLIST_KEY_UILaunchStoryboardName = LaunchScreen;
				INFOPLIST_KEY_UIMainStoryboardFile = Main;
				INFOPLIST_KEY_UISupportedInterfaceOrientations_iPad = "UIInterfaceOrientationPortrait UIInterfaceOrientationPortraitUpsideDown UIInterfaceOrientationLandscapeLeft UIInterfaceOrientationLandscapeRight";
				INFOPLIST_KEY_UISupportedInterfaceOrientations_iPhone = "UIInterfaceOrientationPortrait UIInterfaceOrientationLandscapeLeft UIInterfaceOrientationLandscapeRight";
				LD_RUNPATH_SEARCH_PATHS = (
					"$(inherited)",
					"@executable_path/Frameworks",
				);
				MARKETING_VERSION = 2.0;
				PRODUCT_BUNDLE_IDENTIFIER = "Minh.Calculator-2-0";
				PRODUCT_NAME = "$(TARGET_NAME)";
				PROVISIONING_PROFILE_SPECIFIER = "";
				SWIFT_EMIT_LOC_STRINGS = YES;
				SWIFT_VERSION = 5.0;
				TARGETED_DEVICE_FAMILY = 1;
			};
			name = Release;
		};
		B67FE0192877CBA30066F351 /* Debug */ = {
			isa = XCBuildConfiguration;
			buildSettings = {
				ALWAYS_EMBED_SWIFT_STANDARD_LIBRARIES = YES;
				BUNDLE_LOADER = "$(TEST_HOST)";
				CODE_SIGN_STYLE = Automatic;
				CURRENT_PROJECT_VERSION = 1;
				GENERATE_INFOPLIST_FILE = YES;
				IPHONEOS_DEPLOYMENT_TARGET = 15.2;
				MARKETING_VERSION = 1.0;
				PRODUCT_BUNDLE_IDENTIFIER = "Minh.Calculator-2-0Tests";
				PRODUCT_NAME = "$(TARGET_NAME)";
				SWIFT_EMIT_LOC_STRINGS = NO;
				SWIFT_VERSION = 5.0;
				TARGETED_DEVICE_FAMILY = "1,2";
				TEST_HOST = "$(BUILT_PRODUCTS_DIR)/Calculator 2.0.app/Calculator 2.0";
			};
			name = Debug;
		};
		B67FE01A2877CBA30066F351 /* Release */ = {
			isa = XCBuildConfiguration;
			buildSettings = {
				ALWAYS_EMBED_SWIFT_STANDARD_LIBRARIES = YES;
				BUNDLE_LOADER = "$(TEST_HOST)";
				CODE_SIGN_STYLE = Automatic;
				CURRENT_PROJECT_VERSION = 1;
				GENERATE_INFOPLIST_FILE = YES;
				IPHONEOS_DEPLOYMENT_TARGET = 15.2;
				MARKETING_VERSION = 1.0;
				PRODUCT_BUNDLE_IDENTIFIER = "Minh.Calculator-2-0Tests";
				PRODUCT_NAME = "$(TARGET_NAME)";
				SWIFT_EMIT_LOC_STRINGS = NO;
				SWIFT_VERSION = 5.0;
				TARGETED_DEVICE_FAMILY = "1,2";
				TEST_HOST = "$(BUILT_PRODUCTS_DIR)/Calculator 2.0.app/Calculator 2.0";
			};
			name = Release;
		};
		B67FE01C2877CBA30066F351 /* Debug */ = {
			isa = XCBuildConfiguration;
			buildSettings = {
				ALWAYS_EMBED_SWIFT_STANDARD_LIBRARIES = YES;
				CODE_SIGN_STYLE = Automatic;
				CURRENT_PROJECT_VERSION = 1;
				GENERATE_INFOPLIST_FILE = YES;
				MARKETING_VERSION = 1.0;
				PRODUCT_BUNDLE_IDENTIFIER = "Minh.Calculator-2-0UITests";
				PRODUCT_NAME = "$(TARGET_NAME)";
				SWIFT_EMIT_LOC_STRINGS = NO;
				SWIFT_VERSION = 5.0;
				TARGETED_DEVICE_FAMILY = "1,2";
				TEST_TARGET_NAME = "Calculator 2.0";
			};
			name = Debug;
		};
		B67FE01D2877CBA30066F351 /* Release */ = {
			isa = XCBuildConfiguration;
			buildSettings = {
				ALWAYS_EMBED_SWIFT_STANDARD_LIBRARIES = YES;
				CODE_SIGN_STYLE = Automatic;
				CURRENT_PROJECT_VERSION = 1;
				GENERATE_INFOPLIST_FILE = YES;
				MARKETING_VERSION = 1.0;
				PRODUCT_BUNDLE_IDENTIFIER = "Minh.Calculator-2-0UITests";
				PRODUCT_NAME = "$(TARGET_NAME)";
				SWIFT_EMIT_LOC_STRINGS = NO;
				SWIFT_VERSION = 5.0;
				TARGETED_DEVICE_FAMILY = "1,2";
				TEST_TARGET_NAME = "Calculator 2.0";
			};
			name = Release;
		};
/* End XCBuildConfiguration section */

/* Begin XCConfigurationList section */
		B67FDFE62877CB9C0066F351 /* Build configuration list for PBXProject "Calculator 2.0" */ = {
			isa = XCConfigurationList;
			buildConfigurations = (
				B67FE0132877CBA30066F351 /* Debug */,
				B67FE0142877CBA30066F351 /* Release */,
			);
			defaultConfigurationIsVisible = 0;
			defaultConfigurationName = Release;
		};
		B67FE0152877CBA30066F351 /* Build configuration list for PBXNativeTarget "Calculator 2.0" */ = {
			isa = XCConfigurationList;
			buildConfigurations = (
				B67FE0162877CBA30066F351 /* Debug */,
				B67FE0172877CBA30066F351 /* Release */,
			);
			defaultConfigurationIsVisible = 0;
			defaultConfigurationName = Release;
		};
		B67FE0182877CBA30066F351 /* Build configuration list for PBXNativeTarget "Calculator 2.0Tests" */ = {
			isa = XCConfigurationList;
			buildConfigurations = (
				B67FE0192877CBA30066F351 /* Debug */,
				B67FE01A2877CBA30066F351 /* Release */,
			);
			defaultConfigurationIsVisible = 0;
			defaultConfigurationName = Release;
		};
		B67FE01B2877CBA30066F351 /* Build configuration list for PBXNativeTarget "Calculator 2.0UITests" */ = {
			isa = XCConfigurationList;
			buildConfigurations = (
				B67FE01C2877CBA30066F351 /* Debug */,
				B67FE01D2877CBA30066F351 /* Release */,
			);
			defaultConfigurationIsVisible = 0;
			defaultConfigurationName = Release;
		};
/* End XCConfigurationList section */
	};
	rootObject = B67FDFE32877CB9C0066F351 /* Project object */;
}
