// !$*UTF8*$!
{
	archiveVersion = 1;
	classes = {
	};
	objectVersion = 55;
	objects = {

/* Begin PBXBuildFile section */
		B6E5F97E287D6980005C379B /* AppDelegate.swift in Sources */ = {isa = PBXBuildFile; fileRef = B6E5F97D287D6980005C379B /* AppDelegate.swift */; };
		B6E5F980287D6980005C379B /* SceneDelegate.swift in Sources */ = {isa = PBXBuildFile; fileRef = B6E5F97F287D6980005C379B /* SceneDelegate.swift */; };
		B6E5F982287D6980005C379B /* ViewController.swift in Sources */ = {isa = PBXBuildFile; fileRef = B6E5F981287D6980005C379B /* ViewController.swift */; };
		B6E5F985287D6980005C379B /* Main.storyboard in Resources */ = {isa = PBXBuildFile; fileRef = B6E5F983287D6980005C379B /* Main.storyboard */; };
		B6E5F987287D6987005C379B /* Assets.xcassets in Resources */ = {isa = PBXBuildFile; fileRef = B6E5F986287D6987005C379B /* Assets.xcassets */; };
		B6E5F98A287D6987005C379B /* LaunchScreen.storyboard in Resources */ = {isa = PBXBuildFile; fileRef = B6E5F988287D6987005C379B /* LaunchScreen.storyboard */; };
		B6E5F995287D6987005C379B /* QuizGameTests.swift in Sources */ = {isa = PBXBuildFile; fileRef = B6E5F994287D6987005C379B /* QuizGameTests.swift */; };
		B6E5F99F287D6988005C379B /* QuizGameUITests.swift in Sources */ = {isa = PBXBuildFile; fileRef = B6E5F99E287D6988005C379B /* QuizGameUITests.swift */; };
		B6E5F9A1287D6988005C379B /* QuizGameUITestsLaunchTests.swift in Sources */ = {isa = PBXBuildFile; fileRef = B6E5F9A0287D6988005C379B /* QuizGameUITestsLaunchTests.swift */; };
		B6E5F9AE287D6C60005C379B /* GameViewController.swift in Sources */ = {isa = PBXBuildFile; fileRef = B6E5F9AD287D6C60005C379B /* GameViewController.swift */; };
/* End PBXBuildFile section */

/* Begin PBXContainerItemProxy section */
		B6E5F991287D6987005C379B /* PBXContainerItemProxy */ = {
			isa = PBXContainerItemProxy;
			containerPortal = B6E5F972287D6980005C379B /* Project object */;
			proxyType = 1;
			remoteGlobalIDString = B6E5F979287D6980005C379B;
			remoteInfo = QuizGame;
		};
		B6E5F99B287D6988005C379B /* PBXContainerItemProxy */ = {
			isa = PBXContainerItemProxy;
			containerPortal = B6E5F972287D6980005C379B /* Project object */;
			proxyType = 1;
			remoteGlobalIDString = B6E5F979287D6980005C379B;
			remoteInfo = QuizGame;
		};
/* End PBXContainerItemProxy section */

/* Begin PBXFileReference section */
		B6E5F97A287D6980005C379B /* QuizGame.app */ = {isa = PBXFileReference; explicitFileType = wrapper.application; includeInIndex = 0; path = QuizGame.app; sourceTree = BUILT_PRODUCTS_DIR; };
		B6E5F97D287D6980005C379B /* AppDelegate.swift */ = {isa = PBXFileReference; lastKnownFileType = sourcecode.swift; path = AppDelegate.swift; sourceTree = "<group>"; };
		B6E5F97F287D6980005C379B /* SceneDelegate.swift */ = {isa = PBXFileReference; lastKnownFileType = sourcecode.swift; path = SceneDelegate.swift; sourceTree = "<group>"; };
		B6E5F981287D6980005C379B /* ViewController.swift */ = {isa = PBXFileReference; lastKnownFileType = sourcecode.swift; path = ViewController.swift; sourceTree = "<group>"; };
		B6E5F984287D6980005C379B /* Base */ = {isa = PBXFileReference; lastKnownFileType = file.storyboard; name = Base; path = Base.lproj/Main.storyboard; sourceTree = "<group>"; };
		B6E5F986287D6987005C379B /* Assets.xcassets */ = {isa = PBXFileReference; lastKnownFileType = folder.assetcatalog; path = Assets.xcassets; sourceTree = "<group>"; };
		B6E5F989287D6987005C379B /* Base */ = {isa = PBXFileReference; lastKnownFileType = file.storyboard; name = Base; path = Base.lproj/LaunchScreen.storyboard; sourceTree = "<group>"; };
		B6E5F98B287D6987005C379B /* Info.plist */ = {isa = PBXFileReference; lastKnownFileType = text.plist.xml; path = Info.plist; sourceTree = "<group>"; };
		B6E5F990287D6987005C379B /* QuizGameTests.xctest */ = {isa = PBXFileReference; explicitFileType = wrapper.cfbundle; includeInIndex = 0; path = QuizGameTests.xctest; sourceTree = BUILT_PRODUCTS_DIR; };
		B6E5F994287D6987005C379B /* QuizGameTests.swift */ = {isa = PBXFileReference; lastKnownFileType = sourcecode.swift; path = QuizGameTests.swift; sourceTree = "<group>"; };
		B6E5F99A287D6988005C379B /* QuizGameUITests.xctest */ = {isa = PBXFileReference; explicitFileType = wrapper.cfbundle; includeInIndex = 0; path = QuizGameUITests.xctest; sourceTree = BUILT_PRODUCTS_DIR; };
		B6E5F99E287D6988005C379B /* QuizGameUITests.swift */ = {isa = PBXFileReference; lastKnownFileType = sourcecode.swift; path = QuizGameUITests.swift; sourceTree = "<group>"; };
		B6E5F9A0287D6988005C379B /* QuizGameUITestsLaunchTests.swift */ = {isa = PBXFileReference; lastKnownFileType = sourcecode.swift; path = QuizGameUITestsLaunchTests.swift; sourceTree = "<group>"; };
		B6E5F9AD287D6C60005C379B /* GameViewController.swift */ = {isa = PBXFileReference; lastKnownFileType = sourcecode.swift; path = GameViewController.swift; sourceTree = "<group>"; };
/* End PBXFileReference section */

/* Begin PBXFrameworksBuildPhase section */
		B6E5F977287D6980005C379B /* Frameworks */ = {
			isa = PBXFrameworksBuildPhase;
			buildActionMask = 2147483647;
			files = (
			);
			runOnlyForDeploymentPostprocessing = 0;
		};
		B6E5F98D287D6987005C379B /* Frameworks */ = {
			isa = PBXFrameworksBuildPhase;
			buildActionMask = 2147483647;
			files = (
			);
			runOnlyForDeploymentPostprocessing = 0;
		};
		B6E5F997287D6988005C379B /* Frameworks */ = {
			isa = PBXFrameworksBuildPhase;
			buildActionMask = 2147483647;
			files = (
			);
			runOnlyForDeploymentPostprocessing = 0;
		};
/* End PBXFrameworksBuildPhase section */

/* Begin PBXGroup section */
		B6E5F971287D6980005C379B = {
			isa = PBXGroup;
			children = (
				B6E5F97C287D6980005C379B /* QuizGame */,
				B6E5F993287D6987005C379B /* QuizGameTests */,
				B6E5F99D287D6988005C379B /* QuizGameUITests */,
				B6E5F97B287D6980005C379B /* Products */,
			);
			sourceTree = "<group>";
		};
		B6E5F97B287D6980005C379B /* Products */ = {
			isa = PBXGroup;
			children = (
				B6E5F97A287D6980005C379B /* QuizGame.app */,
				B6E5F990287D6987005C379B /* QuizGameTests.xctest */,
				B6E5F99A287D6988005C379B /* QuizGameUITests.xctest */,
			);
			name = Products;
			sourceTree = "<group>";
		};
		B6E5F97C287D6980005C379B /* QuizGame */ = {
			isa = PBXGroup;
			children = (
				B6E5F97D287D6980005C379B /* AppDelegate.swift */,
				B6E5F97F287D6980005C379B /* SceneDelegate.swift */,
				B6E5F981287D6980005C379B /* ViewController.swift */,
				B6E5F983287D6980005C379B /* Main.storyboard */,
				B6E5F986287D6987005C379B /* Assets.xcassets */,
				B6E5F988287D6987005C379B /* LaunchScreen.storyboard */,
				B6E5F98B287D6987005C379B /* Info.plist */,
				B6E5F9AD287D6C60005C379B /* GameViewController.swift */,
			);
			path = QuizGame;
			sourceTree = "<group>";
		};
		B6E5F993287D6987005C379B /* QuizGameTests */ = {
			isa = PBXGroup;
			children = (
				B6E5F994287D6987005C379B /* QuizGameTests.swift */,
			);
			path = QuizGameTests;
			sourceTree = "<group>";
		};
		B6E5F99D287D6988005C379B /* QuizGameUITests */ = {
			isa = PBXGroup;
			children = (
				B6E5F99E287D6988005C379B /* QuizGameUITests.swift */,
				B6E5F9A0287D6988005C379B /* QuizGameUITestsLaunchTests.swift */,
			);
			path = QuizGameUITests;
			sourceTree = "<group>";
		};
/* End PBXGroup section */

/* Begin PBXNativeTarget section */
		B6E5F979287D6980005C379B /* QuizGame */ = {
			isa = PBXNativeTarget;
			buildConfigurationList = B6E5F9A4287D6988005C379B /* Build configuration list for PBXNativeTarget "QuizGame" */;
			buildPhases = (
				B6E5F976287D6980005C379B /* Sources */,
				B6E5F977287D6980005C379B /* Frameworks */,
				B6E5F978287D6980005C379B /* Resources */,
			);
			buildRules = (
			);
			dependencies = (
			);
			name = QuizGame;
			productName = QuizGame;
			productReference = B6E5F97A287D6980005C379B /* QuizGame.app */;
			productType = "com.apple.product-type.application";
		};
		B6E5F98F287D6987005C379B /* QuizGameTests */ = {
			isa = PBXNativeTarget;
			buildConfigurationList = B6E5F9A7287D6988005C379B /* Build configuration list for PBXNativeTarget "QuizGameTests" */;
			buildPhases = (
				B6E5F98C287D6987005C379B /* Sources */,
				B6E5F98D287D6987005C379B /* Frameworks */,
				B6E5F98E287D6987005C379B /* Resources */,
			);
			buildRules = (
			);
			dependencies = (
				B6E5F992287D6987005C379B /* PBXTargetDependency */,
			);
			name = QuizGameTests;
			productName = QuizGameTests;
			productReference = B6E5F990287D6987005C379B /* QuizGameTests.xctest */;
			productType = "com.apple.product-type.bundle.unit-test";
		};
		B6E5F999287D6988005C379B /* QuizGameUITests */ = {
			isa = PBXNativeTarget;
			buildConfigurationList = B6E5F9AA287D6988005C379B /* Build configuration list for PBXNativeTarget "QuizGameUITests" */;
			buildPhases = (
				B6E5F996287D6988005C379B /* Sources */,
				B6E5F997287D6988005C379B /* Frameworks */,
				B6E5F998287D6988005C379B /* Resources */,
			);
			buildRules = (
			);
			dependencies = (
				B6E5F99C287D6988005C379B /* PBXTargetDependency */,
			);
			name = QuizGameUITests;
			productName = QuizGameUITests;
			productReference = B6E5F99A287D6988005C379B /* QuizGameUITests.xctest */;
			productType = "com.apple.product-type.bundle.ui-testing";
		};
/* End PBXNativeTarget section */

/* Begin PBXProject section */
		B6E5F972287D6980005C379B /* Project object */ = {
			isa = PBXProject;
			attributes = {
				BuildIndependentTargetsInParallel = 1;
				LastSwiftUpdateCheck = 1320;
				LastUpgradeCheck = 1320;
				TargetAttributes = {
					B6E5F979287D6980005C379B = {
						CreatedOnToolsVersion = 13.2.1;
					};
					B6E5F98F287D6987005C379B = {
						CreatedOnToolsVersion = 13.2.1;
						TestTargetID = B6E5F979287D6980005C379B;
					};
					B6E5F999287D6988005C379B = {
						CreatedOnToolsVersion = 13.2.1;
						TestTargetID = B6E5F979287D6980005C379B;
					};
				};
			};
			buildConfigurationList = B6E5F975287D6980005C379B /* Build configuration list for PBXProject "QuizGame" */;
			compatibilityVersion = "Xcode 13.0";
			developmentRegion = en;
			hasScannedForEncodings = 0;
			knownRegions = (
				en,
				Base,
			);
			mainGroup = B6E5F971287D6980005C379B;
			productRefGroup = B6E5F97B287D6980005C379B /* Products */;
			projectDirPath = "";
			projectRoot = "";
			targets = (
				B6E5F979287D6980005C379B /* QuizGame */,
				B6E5F98F287D6987005C379B /* QuizGameTests */,
				B6E5F999287D6988005C379B /* QuizGameUITests */,
			);
		};
/* End PBXProject section */

/* Begin PBXResourcesBuildPhase section */
		B6E5F978287D6980005C379B /* Resources */ = {
			isa = PBXResourcesBuildPhase;
			buildActionMask = 2147483647;
			files = (
				B6E5F98A287D6987005C379B /* LaunchScreen.storyboard in Resources */,
				B6E5F987287D6987005C379B /* Assets.xcassets in Resources */,
				B6E5F985287D6980005C379B /* Main.storyboard in Resources */,
			);
			runOnlyForDeploymentPostprocessing = 0;
		};
		B6E5F98E287D6987005C379B /* Resources */ = {
			isa = PBXResourcesBuildPhase;
			buildActionMask = 2147483647;
			files = (
			);
			runOnlyForDeploymentPostprocessing = 0;
		};
		B6E5F998287D6988005C379B /* Resources */ = {
			isa = PBXResourcesBuildPhase;
			buildActionMask = 2147483647;
			files = (
			);
			runOnlyForDeploymentPostprocessing = 0;
		};
/* End PBXResourcesBuildPhase section */

/* Begin PBXSourcesBuildPhase section */
		B6E5F976287D6980005C379B /* Sources */ = {
			isa = PBXSourcesBuildPhase;
			buildActionMask = 2147483647;
			files = (
				B6E5F9AE287D6C60005C379B /* GameViewController.swift in Sources */,
				B6E5F982287D6980005C379B /* ViewController.swift in Sources */,
				B6E5F97E287D6980005C379B /* AppDelegate.swift in Sources */,
				B6E5F980287D6980005C379B /* SceneDelegate.swift in Sources */,
			);
			runOnlyForDeploymentPostprocessing = 0;
		};
		B6E5F98C287D6987005C379B /* Sources */ = {
			isa = PBXSourcesBuildPhase;
			buildActionMask = 2147483647;
			files = (
				B6E5F995287D6987005C379B /* QuizGameTests.swift in Sources */,
			);
			runOnlyForDeploymentPostprocessing = 0;
		};
		B6E5F996287D6988005C379B /* Sources */ = {
			isa = PBXSourcesBuildPhase;
			buildActionMask = 2147483647;
			files = (
				B6E5F9A1287D6988005C379B /* QuizGameUITestsLaunchTests.swift in Sources */,
				B6E5F99F287D6988005C379B /* QuizGameUITests.swift in Sources */,
			);
			runOnlyForDeploymentPostprocessing = 0;
		};
/* End PBXSourcesBuildPhase section */

/* Begin PBXTargetDependency section */
		B6E5F992287D6987005C379B /* PBXTargetDependency */ = {
			isa = PBXTargetDependency;
			target = B6E5F979287D6980005C379B /* QuizGame */;
			targetProxy = B6E5F991287D6987005C379B /* PBXContainerItemProxy */;
		};
		B6E5F99C287D6988005C379B /* PBXTargetDependency */ = {
			isa = PBXTargetDependency;
			target = B6E5F979287D6980005C379B /* QuizGame */;
			targetProxy = B6E5F99B287D6988005C379B /* PBXContainerItemProxy */;
		};
/* End PBXTargetDependency section */

/* Begin PBXVariantGroup section */
		B6E5F983287D6980005C379B /* Main.storyboard */ = {
			isa = PBXVariantGroup;
			children = (
				B6E5F984287D6980005C379B /* Base */,
			);
			name = Main.storyboard;
			sourceTree = "<group>";
		};
		B6E5F988287D6987005C379B /* LaunchScreen.storyboard */ = {
			isa = PBXVariantGroup;
			children = (
				B6E5F989287D6987005C379B /* Base */,
			);
			name = LaunchScreen.storyboard;
			sourceTree = "<group>";
		};
/* End PBXVariantGroup section */

/* Begin XCBuildConfiguration section */
		B6E5F9A2287D6988005C379B /* Debug */ = {
			isa = XCBuildConfiguration;
			buildSettings = {
				ALWAYS_SEARCH_USER_PATHS = NO;
				CLANG_ANALYZER_NONNULL = YES;
				CLANG_ANALYZER_NUMBER_OBJECT_CONVERSION = YES_AGGRESSIVE;
				CLANG_CXX_LANGUAGE_STANDARD = "gnu++17";
				CLANG_CXX_LIBRARY = "libc++";
				CLANG_ENABLE_MODULES = YES;
				CLANG_ENABLE_OBJC_ARC = YES;
				CLANG_ENABLE_OBJC_WEAK = YES;
				CLANG_WARN_BLOCK_CAPTURE_AUTORELEASING = YES;
				CLANG_WARN_BOOL_CONVERSION = YES;
				CLANG_WARN_COMMA = YES;
				CLANG_WARN_CONSTANT_CONVERSION = YES;
				CLANG_WARN_DEPRECATED_OBJC_IMPLEMENTATIONS = YES;
				CLANG_WARN_DIRECT_OBJC_ISA_USAGE = YES_ERROR;
				CLANG_WARN_DOCUMENTATION_COMMENTS = YES;
				CLANG_WARN_EMPTY_BODY = YES;
				CLANG_WARN_ENUM_CONVERSION = YES;
				CLANG_WARN_INFINITE_RECURSION = YES;
				CLANG_WARN_INT_CONVERSION = YES;
				CLANG_WARN_NON_LITERAL_NULL_CONVERSION = YES;
				CLANG_WARN_OBJC_IMPLICIT_RETAIN_SELF = YES;
				CLANG_WARN_OBJC_LITERAL_CONVERSION = YES;
				CLANG_WARN_OBJC_ROOT_CLASS = YES_ERROR;
				CLANG_WARN_QUOTED_INCLUDE_IN_FRAMEWORK_HEADER = YES;
				CLANG_WARN_RANGE_LOOP_ANALYSIS = YES;
				CLANG_WARN_STRICT_PROTOTYPES = YES;
				CLANG_WARN_SUSPICIOUS_MOVE = YES;
				CLANG_WARN_UNGUARDED_AVAILABILITY = YES_AGGRESSIVE;
				CLANG_WARN_UNREACHABLE_CODE = YES;
				CLANG_WARN__DUPLICATE_METHOD_MATCH = YES;
				COPY_PHASE_STRIP = NO;
				DEBUG_INFORMATION_FORMAT = dwarf;
				ENABLE_STRICT_OBJC_MSGSEND = YES;
				ENABLE_TESTABILITY = YES;
				GCC_C_LANGUAGE_STANDARD = gnu11;
				GCC_DYNAMIC_NO_PIC = NO;
				GCC_NO_COMMON_BLOCKS = YES;
				GCC_OPTIMIZATION_LEVEL = 0;
				GCC_PREPROCESSOR_DEFINITIONS = (
					"DEBUG=1",
					"$(inherited)",
				);
				GCC_WARN_64_TO_32_BIT_CONVERSION = YES;
				GCC_WARN_ABOUT_RETURN_TYPE = YES_ERROR;
				GCC_WARN_UNDECLARED_SELECTOR = YES;
				GCC_WARN_UNINITIALIZED_AUTOS = YES_AGGRESSIVE;
				GCC_WARN_UNUSED_FUNCTION = YES;
				GCC_WARN_UNUSED_VARIABLE = YES;
				IPHONEOS_DEPLOYMENT_TARGET = 15.2;
				MTL_ENABLE_DEBUG_INFO = INCLUDE_SOURCE;
				MTL_FAST_MATH = YES;
				ONLY_ACTIVE_ARCH = YES;
				SDKROOT = iphoneos;
				SWIFT_ACTIVE_COMPILATION_CONDITIONS = DEBUG;
				SWIFT_OPTIMIZATION_LEVEL = "-Onone";
			};
			name = Debug;
		};
		B6E5F9A3287D6988005C379B /* Release */ = {
			isa = XCBuildConfiguration;
			buildSettings = {
				ALWAYS_SEARCH_USER_PATHS = NO;
				CLANG_ANALYZER_NONNULL = YES;
				CLANG_ANALYZER_NUMBER_OBJECT_CONVERSION = YES_AGGRESSIVE;
				CLANG_CXX_LANGUAGE_STANDARD = "gnu++17";
				CLANG_CXX_LIBRARY = "libc++";
				CLANG_ENABLE_MODULES = YES;
				CLANG_ENABLE_OBJC_ARC = YES;
				CLANG_ENABLE_OBJC_WEAK = YES;
				CLANG_WARN_BLOCK_CAPTURE_AUTORELEASING = YES;
				CLANG_WARN_BOOL_CONVERSION = YES;
				CLANG_WARN_COMMA = YES;
				CLANG_WARN_CONSTANT_CONVERSION = YES;
				CLANG_WARN_DEPRECATED_OBJC_IMPLEMENTATIONS = YES;
				CLANG_WARN_DIRECT_OBJC_ISA_USAGE = YES_ERROR;
				CLANG_WARN_DOCUMENTATION_COMMENTS = YES;
				CLANG_WARN_EMPTY_BODY = YES;
				CLANG_WARN_ENUM_CONVERSION = YES;
				CLANG_WARN_INFINITE_RECURSION = YES;
				CLANG_WARN_INT_CONVERSION = YES;
				CLANG_WARN_NON_LITERAL_NULL_CONVERSION = YES;
				CLANG_WARN_OBJC_IMPLICIT_RETAIN_SELF = YES;
				CLANG_WARN_OBJC_LITERAL_CONVERSION = YES;
				CLANG_WARN_OBJC_ROOT_CLASS = YES_ERROR;
				CLANG_WARN_QUOTED_INCLUDE_IN_FRAMEWORK_HEADER = YES;
				CLANG_WARN_RANGE_LOOP_ANALYSIS = YES;
				CLANG_WARN_STRICT_PROTOTYPES = YES;
				CLANG_WARN_SUSPICIOUS_MOVE = YES;
				CLANG_WARN_UNGUARDED_AVAILABILITY = YES_AGGRESSIVE;
				CLANG_WARN_UNREACHABLE_CODE = YES;
				CLANG_WARN__DUPLICATE_METHOD_MATCH = YES;
				COPY_PHASE_STRIP = NO;
				DEBUG_INFORMATION_FORMAT = "dwarf-with-dsym";
				ENABLE_NS_ASSERTIONS = NO;
				ENABLE_STRICT_OBJC_MSGSEND = YES;
				GCC_C_LANGUAGE_STANDARD = gnu11;
				GCC_NO_COMMON_BLOCKS = YES;
				GCC_WARN_64_TO_32_BIT_CONVERSION = YES;
				GCC_WARN_ABOUT_RETURN_TYPE = YES_ERROR;
				GCC_WARN_UNDECLARED_SELECTOR = YES;
				GCC_WARN_UNINITIALIZED_AUTOS = YES_AGGRESSIVE;
				GCC_WARN_UNUSED_FUNCTION = YES;
				GCC_WARN_UNUSED_VARIABLE = YES;
				IPHONEOS_DEPLOYMENT_TARGET = 15.2;
				MTL_ENABLE_DEBUG_INFO = NO;
				MTL_FAST_MATH = YES;
				SDKROOT = iphoneos;
				SWIFT_COMPILATION_MODE = wholemodule;
				SWIFT_OPTIMIZATION_LEVEL = "-O";
				VALIDATE_PRODUCT = YES;
			};
			name = Release;
		};
		B6E5F9A5287D6988005C379B /* Debug */ = {
			isa = XCBuildConfiguration;
			buildSettings = {
				ASSETCATALOG_COMPILER_APPICON_NAME = AppIcon;
				ASSETCATALOG_COMPILER_GLOBAL_ACCENT_COLOR_NAME = AccentColor;
				CODE_SIGN_STYLE = Automatic;
				CURRENT_PROJECT_VERSION = 1;
				GENERATE_INFOPLIST_FILE = YES;
				INFOPLIST_FILE = QuizGame/Info.plist;
				INFOPLIST_KEY_CFBundleDisplayName = "Quiz Game";
				INFOPLIST_KEY_UIApplicationSupportsIndirectInputEvents = YES;
				INFOPLIST_KEY_UILaunchStoryboardName = LaunchScreen;
				INFOPLIST_KEY_UIMainStoryboardFile = Main;
				INFOPLIST_KEY_UISupportedInterfaceOrientations_iPad = "UIInterfaceOrientationPortrait UIInterfaceOrientationPortraitUpsideDown UIInterfaceOrientationLandscapeLeft UIInterfaceOrientationLandscapeRight";
				INFOPLIST_KEY_UISupportedInterfaceOrientations_iPhone = "UIInterfaceOrientationPortrait UIInterfaceOrientationLandscapeLeft UIInterfaceOrientationLandscapeRight";
				LD_RUNPATH_SEARCH_PATHS = (
					"$(inherited)",
					"@executable_path/Frameworks",
				);
				MARKETING_VERSION = 1.0;
				PRODUCT_BUNDLE_IDENTIFIER = Minh.QuizGame;
				PRODUCT_NAME = "$(TARGET_NAME)";
				SWIFT_EMIT_LOC_STRINGS = YES;
				SWIFT_VERSION = 5.0;
				TARGETED_DEVICE_FAMILY = "1,2";
			};
			name = Debug;
		};
		B6E5F9A6287D6988005C379B /* Release */ = {
			isa = XCBuildConfiguration;
			buildSettings = {
				ASSETCATALOG_COMPILER_APPICON_NAME = AppIcon;
				ASSETCATALOG_COMPILER_GLOBAL_ACCENT_COLOR_NAME = AccentColor;
				CODE_SIGN_STYLE = Automatic;
				CURRENT_PROJECT_VERSION = 1;
				GENERATE_INFOPLIST_FILE = YES;
				INFOPLIST_FILE = QuizGame/Info.plist;
				INFOPLIST_KEY_CFBundleDisplayName = "Quiz Game";
				INFOPLIST_KEY_UIApplicationSupportsIndirectInputEvents = YES;
				INFOPLIST_KEY_UILaunchStoryboardName = LaunchScreen;
				INFOPLIST_KEY_UIMainStoryboardFile = Main;
				INFOPLIST_KEY_UISupportedInterfaceOrientations_iPad = "UIInterfaceOrientationPortrait UIInterfaceOrientationPortraitUpsideDown UIInterfaceOrientationLandscapeLeft UIInterfaceOrientationLandscapeRight";
				INFOPLIST_KEY_UISupportedInterfaceOrientations_iPhone = "UIInterfaceOrientationPortrait UIInterfaceOrientationLandscapeLeft UIInterfaceOrientationLandscapeRight";
				LD_RUNPATH_SEARCH_PATHS = (
					"$(inherited)",
					"@executable_path/Frameworks",
				);
				MARKETING_VERSION = 1.0;
				PRODUCT_BUNDLE_IDENTIFIER = Minh.QuizGame;
				PRODUCT_NAME = "$(TARGET_NAME)";
				SWIFT_EMIT_LOC_STRINGS = YES;
				SWIFT_VERSION = 5.0;
				TARGETED_DEVICE_FAMILY = "1,2";
			};
			name = Release;
		};
		B6E5F9A8287D6988005C379B /* Debug */ = {
			isa = XCBuildConfiguration;
			buildSettings = {
				ALWAYS_EMBED_SWIFT_STANDARD_LIBRARIES = YES;
				BUNDLE_LOADER = "$(TEST_HOST)";
				CODE_SIGN_STYLE = Automatic;
				CURRENT_PROJECT_VERSION = 1;
				GENERATE_INFOPLIST_FILE = YES;
				IPHONEOS_DEPLOYMENT_TARGET = 15.2;
				MARKETING_VERSION = 1.0;
				PRODUCT_BUNDLE_IDENTIFIER = Minh.QuizGameTests;
				PRODUCT_NAME = "$(TARGET_NAME)";
				SWIFT_EMIT_LOC_STRINGS = NO;
				SWIFT_VERSION = 5.0;
				TARGETED_DEVICE_FAMILY = "1,2";
				TEST_HOST = "$(BUILT_PRODUCTS_DIR)/QuizGame.app/QuizGame";
			};
			name = Debug;
		};
		B6E5F9A9287D6988005C379B /* Release */ = {
			isa = XCBuildConfiguration;
			buildSettings = {
				ALWAYS_EMBED_SWIFT_STANDARD_LIBRARIES = YES;
				BUNDLE_LOADER = "$(TEST_HOST)";
				CODE_SIGN_STYLE = Automatic;
				CURRENT_PROJECT_VERSION = 1;
				GENERATE_INFOPLIST_FILE = YES;
				IPHONEOS_DEPLOYMENT_TARGET = 15.2;
				MARKETING_VERSION = 1.0;
				PRODUCT_BUNDLE_IDENTIFIER = Minh.QuizGameTests;
				PRODUCT_NAME = "$(TARGET_NAME)";
				SWIFT_EMIT_LOC_STRINGS = NO;
				SWIFT_VERSION = 5.0;
				TARGETED_DEVICE_FAMILY = "1,2";
				TEST_HOST = "$(BUILT_PRODUCTS_DIR)/QuizGame.app/QuizGame";
			};
			name = Release;
		};
		B6E5F9AB287D6988005C379B /* Debug */ = {
			isa = XCBuildConfiguration;
			buildSettings = {
				ALWAYS_EMBED_SWIFT_STANDARD_LIBRARIES = YES;
				CODE_SIGN_STYLE = Automatic;
				CURRENT_PROJECT_VERSION = 1;
				GENERATE_INFOPLIST_FILE = YES;
				MARKETING_VERSION = 1.0;
				PRODUCT_BUNDLE_IDENTIFIER = Minh.QuizGameUITests;
				PRODUCT_NAME = "$(TARGET_NAME)";
				SWIFT_EMIT_LOC_STRINGS = NO;
				SWIFT_VERSION = 5.0;
				TARGETED_DEVICE_FAMILY = "1,2";
				TEST_TARGET_NAME = QuizGame;
			};
			name = Debug;
		};
		B6E5F9AC287D6988005C379B /* Release */ = {
			isa = XCBuildConfiguration;
			buildSettings = {
				ALWAYS_EMBED_SWIFT_STANDARD_LIBRARIES = YES;
				CODE_SIGN_STYLE = Automatic;
				CURRENT_PROJECT_VERSION = 1;
				GENERATE_INFOPLIST_FILE = YES;
				MARKETING_VERSION = 1.0;
				PRODUCT_BUNDLE_IDENTIFIER = Minh.QuizGameUITests;
				PRODUCT_NAME = "$(TARGET_NAME)";
				SWIFT_EMIT_LOC_STRINGS = NO;
				SWIFT_VERSION = 5.0;
				TARGETED_DEVICE_FAMILY = "1,2";
				TEST_TARGET_NAME = QuizGame;
			};
			name = Release;
		};
/* End XCBuildConfiguration section */

/* Begin XCConfigurationList section */
		B6E5F975287D6980005C379B /* Build configuration list for PBXProject "QuizGame" */ = {
			isa = XCConfigurationList;
			buildConfigurations = (
				B6E5F9A2287D6988005C379B /* Debug */,
				B6E5F9A3287D6988005C379B /* Release */,
			);
			defaultConfigurationIsVisible = 0;
			defaultConfigurationName = Release;
		};
		B6E5F9A4287D6988005C379B /* Build configuration list for PBXNativeTarget "QuizGame" */ = {
			isa = XCConfigurationList;
			buildConfigurations = (
				B6E5F9A5287D6988005C379B /* Debug */,
				B6E5F9A6287D6988005C379B /* Release */,
			);
			defaultConfigurationIsVisible = 0;
			defaultConfigurationName = Release;
		};
		B6E5F9A7287D6988005C379B /* Build configuration list for PBXNativeTarget "QuizGameTests" */ = {
			isa = XCConfigurationList;
			buildConfigurations = (
				B6E5F9A8287D6988005C379B /* Debug */,
				B6E5F9A9287D6988005C379B /* Release */,
			);
			defaultConfigurationIsVisible = 0;
			defaultConfigurationName = Release;
		};
		B6E5F9AA287D6988005C379B /* Build configuration list for PBXNativeTarget "QuizGameUITests" */ = {
			isa = XCConfigurationList;
			buildConfigurations = (
				B6E5F9AB287D6988005C379B /* Debug */,
				B6E5F9AC287D6988005C379B /* Release */,
			);
			defaultConfigurationIsVisible = 0;
			defaultConfigurationName = Release;
		};
/* End XCConfigurationList section */
	};
	rootObject = B6E5F972287D6980005C379B /* Project object */;
}
